# This file is automatically @generated by Cargo.
# It is not intended for manual editing.
version = 4

[[package]]
name = "freefare"
version = "1.1.0"
source = "registry+https://github.com/rust-lang/crates.io-index"
checksum = "9cd919d2119b3a000f0c9efa19f4c9d56e3b212346cb161f59a1be8b0169cf5a"
dependencies = [
 "freefare-sys",
 "libc",
 "nfc",
 "nfc-sys",
]

[[package]]
name = "freefare-sys"
version = "1.0.0"
source = "registry+https://github.com/rust-lang/crates.io-index"
checksum = "eee37bfaaabe6c920ed36ca90b83bf8ce350c7ba3159790337f3267bf7f95ebb"
dependencies = [
 "libc",
 "nfc-sys",
]

[[package]]
name = "laundry_cards"
version = "0.1.0"
dependencies = [
 "freefare",
 "nfc",
 "nfc-sys",
]

[[package]]
name = "libc"
version = "0.2.189"
source = "registry+https://github.com/rust-lang/crates.io-index"
checksum = "3eaf3ede3fee6db1a4c2ee091bf8a8b4dccdc6d17f656fb07896ee72867612f2"

[[package]]
name = "nfc"
version = "1.0.0"
source = "registry+https://github.com/rust-lang/crates.io-index"
checksum = "93b73d10a523d6eba0c864dc2cf7536955ad8b296ce4d0d28415490195954922"
dependencies = [
 "libc",
 "nfc-sys",
]

[[package]]
name = "nfc-sys"
version = "1.0.0"
source = "registry+https://github.com/rust-lang/crates.io-index"
checksum = "ac252d8293f8276d055c8fbe56d6623c7c3d9582b39b3fc238601a7e6f2bc385"
dependencies = [
 "libc",
]
